PODS:
  - Alamofire (3.1.5)
  - BrightFutures (3.2.2):
    - Result (~> 1.0)
  - Result (1.0.1)
  - SwiftyJSON (2.3.2)

DEPENDENCIES:
  - Alamofire (~> 3.1.4)
  - BrightFutures (~> 3.2.2)
  - SwiftyJSON (from `https://github.com/SwiftyJSON/SwiftyJSON.git`)

EXTERNAL SOURCES:
  SwiftyJSON:
    :git: https://github.com/SwiftyJSON/SwiftyJSON.git

CHECKOUT OPTIONS:
  SwiftyJSON:
    :commit: 929539eb6a3304eaa9153ca44041a78b85bf2ee5
    :git: https://github.com/SwiftyJSON/SwiftyJSON.git

SPEC CHECKSUMS:
  Alamofire: 5f730ba29fd113b7ddd71c1e65d0c630acf5d7b0
  BrightFutures: 1722a83fa8415aef78d66319a6c6add6685a7a87
  Result: caef80340451e1f07492fa1e89117f83613bce24
  SwiftyJSON: 04ccea08915aa0109039157c7974cf0298da292a

PODFILE CHECKSUM: c5419423e8f9fc981fdafcef3c8fc1ee43058ae9

COCOAPODS: 1.0.0.beta.2
